
Microsoft Visual Studio Solution File, Format Version 12.00
# Visual Studio Version 16
VisualStudioVersion = 16.0.30413.136
MinimumVisualStudioVersion = 10.0.40219.1
Project("{FAE04EC0-301F-11D3-BF4B-00C04F79EFBC}") = "Faker", "Faker\Faker.csproj", "{3E2B4D11-8F57-468B-A9A6-56F14E9DC36D}"
EndProject
Project("{FAE04EC0-301F-11D3-BF4B-00C04F79EFBC}") = "FakerLibrary", "FakerLibrary\FakerLibrary.csproj", "{22F060A7-C08C-46A1-BCDB-9A6473A89AB4}"
EndProject
Project("{FAE04EC0-301F-11D3-BF4B-00C04F79EFBC}") = "FakerUnitTests", "FakerUnitTests\FakerUnitTests.csproj", "{2E2724AB-7CA9-4712-8E9C-F82A70FA215C}"
EndProject
Global
	GlobalSection(SolutionConfigurationPlatforms) = preSolution
		Debug|Any CPU = Debug|Any CPU
		Release|Any CPU = Release|Any CPU
	EndGlobalSection
	GlobalSection(ProjectConfigurationPlatforms) = postSolution
		{3E2B4D11-8F57-468B-A9A6-56F14E9DC36D}.Debug|Any CPU.ActiveCfg = Debug|Any CPU
		{3E2B4D11-8F57-468B-A9A6-56F14E9DC36D}.Debug|Any CPU.Build.0 = Debug|Any CPU
		{3E2B4D11-8F57-468B-A9A6-56F14E9DC36D}.Release|Any CPU.ActiveCfg = Release|Any CPU
		{3E2B4D11-8F57-468B-A9A6-56F14E9DC36D}.Release|Any CPU.Build.0 = Release|Any CPU
		{22F060A7-C08C-46A1-BCDB-9A6473A89AB4}.Debug|Any CPU.ActiveCfg = Debug|Any CPU
		{22F060A7-C08C-46A1-BCDB-9A6473A89AB4}.Debug|Any CPU.Build.0 = Debug|Any CPU
		{22F060A7-C08C-46A1-BCDB-9A6473A89AB4}.Release|Any CPU.ActiveCfg = Release|Any CPU
		{22F060A7-C08C-46A1-BCDB-9A6473A89AB4}.Release|Any CPU.Build.0 = Release|Any CPU
		{2E2724AB-7CA9-4712-8E9C-F82A70FA215C}.Debug|Any CPU.ActiveCfg = Debug|Any CPU
		{2E2724AB-7CA9-4712-8E9C-F82A70FA215C}.Debug|Any CPU.Build.0 = Debug|Any CPU
		{2E2724AB-7CA9-4712-8E9C-F82A70FA215C}.Release|Any CPU.ActiveCfg = Release|Any CPU
		{2E2724AB-7CA9-4712-8E9C-F82A70FA215C}.Release|Any CPU.Build.0 = Release|Any CPU
	EndGlobalSection
	GlobalSection(SolutionProperties) = preSolution
		HideSolutionNode = FALSE
	EndGlobalSection
	GlobalSection(ExtensibilityGlobals) = postSolution
		SolutionGuid = {E033A0D5-3C2F-4E77-A950-D8224ADDF34D}
	EndGlobalSection
EndGlobal
